<Solution>
  <Configurations>
    <Platform Name="x64" />
    <Platform Name="x86" />
  </Configurations>
  <Folder Name="/Data/">
    <File Path="Data/detect_start_stop.json" />
  </Folder>
  <Folder Name="/Doc/">
    <File Path="Doc/Cheat sheet.md" />
    <File Path="Doc/MeasureFailure.md" />
    <File Path="Doc/OnlineUserManual.pdf" />
    <File Path="Doc/PTI LOW LEVEL CONTROL KIT FEB 2022 - CONFIDENTIAL.PDF" />
    <File Path="Doc/QuickStartGuide.pdf" />
    <File Path="Doc/runloop.md" />
    <File Path="Doc/VZDaq_Manual_V200.pdf" />
    <File Path="README.md" />
  </Folder>
  <Project Path="D:/Phoenix/ConvertToJson/ConvertToJson.vcxproj" Id="b2e391d7-f46f-4024-9186-3f401a7936ea" />
  <Project Path="D:/Phoenix/Detect/Detect.vcxproj" Id="3773cfea-f443-4cc0-8a29-804976c74bda" />
</Solution>
